
Microsoft Visual Studio Solution File, Format Version 12.00
# Visual Studio Version 17
VisualStudioVersion = 17.6.33829.357
MinimumVisualStudioVersion = 10.0.40219.1
Project("{9A19103F-16F7-4668-BE54-9A1E7A4F7556}") = "Lc.Linca.Sdk", "Lc.Linca.Sdk.csproj", "{CEC718DB-9E74-4574-AE76-67C1B46B72B6}"
EndProject
Project("{FAE04EC0-301F-11D3-BF4B-00C04F79EFBC}") = "Lc.Linca.Sdk.Sample", "..\Lc.Linca.Sdk.Sample\Lc.Linca.Sdk.Sample.csproj", "{EEDBA6E7-9931-4EBD-8900-31403BC02341}"
EndProject
Global
	GlobalSection(SolutionConfigurationPlatforms) = preSolution
		Debug|Any CPU = Debug|Any CPU
		Release|Any CPU = Release|Any CPU
	EndGlobalSection
	GlobalSection(ProjectConfigurationPlatforms) = postSolution
		{CEC718DB-9E74-4574-AE76-67C1B46B72B6}.Debug|Any CPU.ActiveCfg = Debug|Any CPU
		{CEC718DB-9E74-4574-AE76-67C1B46B72B6}.Debug|Any CPU.Build.0 = Debug|Any CPU
		{CEC718DB-9E74-4574-AE76-67C1B46B72B6}.Release|Any CPU.ActiveCfg = Release|Any CPU
		{CEC718DB-9E74-4574-AE76-67C1B46B72B6}.Release|Any CPU.Build.0 = Release|Any CPU
		{EEDBA6E7-9931-4EBD-8900-31403BC02341}.Debug|Any CPU.ActiveCfg = Debug|Any CPU
		{EEDBA6E7-9931-4EBD-8900-31403BC02341}.Debug|Any CPU.Build.0 = Debug|Any CPU
		{EEDBA6E7-9931-4EBD-8900-31403BC02341}.Release|Any CPU.ActiveCfg = Release|Any CPU
		{EEDBA6E7-9931-4EBD-8900-31403BC02341}.Release|Any CPU.Build.0 = Release|Any CPU
	EndGlobalSection
	GlobalSection(SolutionProperties) = preSolution
		HideSolutionNode = FALSE
	EndGlobalSection
	GlobalSection(ExtensibilityGlobals) = postSolution
		SolutionGuid = {B523BEA6-EA41-41EF-95B5-8BF428A0FE8E}
	EndGlobalSection
EndGlobal
